
Microsoft Visual Studio Solution File, Format Version 12.00
# Visual Studio Version 17
VisualStudioVersion = 17.14.36804.6
MinimumVisualStudioVersion = 10.0.40219.1
Project("{FAE04EC0-301F-11D3-BF4B-00C04F79EFBC}") = "Servicehub", "servicehub\Servicehub.csproj", "{B0F7A247-204B-4C53-B235-C7EB653F7545}"
EndProject
Project("{FAE04EC0-301F-11D3-BF4B-00C04F79EFBC}") = "ServiceHubClass", "ServiceHubClass\ServiceHubClass.csproj", "{A89C00D2-FD97-4D54-AAA7-E2F0D7474625}"
EndProject
Global
	GlobalSection(SolutionConfigurationPlatforms) = preSolution
		Debug|Any CPU = Debug|Any CPU
		Release|Any CPU = Release|Any CPU
	EndGlobalSection
	GlobalSection(ProjectConfigurationPlatforms) = postSolution
		{B0F7A247-204B-4C53-B235-C7EB653F7545}.Debug|Any CPU.ActiveCfg = Debug|Any CPU
		{B0F7A247-204B-4C53-B235-C7EB653F7545}.Debug|Any CPU.Build.0 = Debug|Any CPU
		{B0F7A247-204B-4C53-B235-C7EB653F7545}.Release|Any CPU.ActiveCfg = Release|Any CPU
		{B0F7A247-204B-4C53-B235-C7EB653F7545}.Release|Any CPU.Build.0 = Release|Any CPU
		{A89C00D2-FD97-4D54-AAA7-E2F0D7474625}.Debug|Any CPU.ActiveCfg = Debug|Any CPU
		{A89C00D2-FD97-4D54-AAA7-E2F0D7474625}.Debug|Any CPU.Build.0 = Debug|Any CPU
		{A89C00D2-FD97-4D54-AAA7-E2F0D7474625}.Release|Any CPU.ActiveCfg = Release|Any CPU
		{A89C00D2-FD97-4D54-AAA7-E2F0D7474625}.Release|Any CPU.Build.0 = Release|Any CPU
	EndGlobalSection
	GlobalSection(SolutionProperties) = preSolution
		HideSolutionNode = FALSE
	EndGlobalSection
	GlobalSection(ExtensibilityGlobals) = postSolution
		SolutionGuid = {DAE968FB-8B71-4D46-870B-021992C9112C}
	EndGlobalSection
EndGlobal
